{
    "_readme": [
        "This file locks the dependencies of your project to a known state",
        "Read more about it at https://getcomposer.org/doc/01-basic-usage.md#installing-dependencies",
        "This file is @generated automatically"
    ],
    "content-hash": "c9177ef15ef1b324da343c37490e0386",
    "packages": [
        {
            "name": "nuvolapl/aws-lambda-php-framework",
            "version": "dev-develop",
            "source": {
                "type": "git",
                "url": "https://github.com/nuvolapl/aws-lambda-php-framework.git",
                "reference": "e22c5a5621042150fcfb743b24582680caaee61b"
            },
            "dist": {
                "type": "zip",
                "url": "https://api.github.com/repos/nuvolapl/aws-lambda-php-framework/zipball/e22c5a5621042150fcfb743b24582680caaee61b",
                "reference": "e22c5a5621042150fcfb743b24582680caaee61b",
                "shasum": ""
            },
            "require": {
                "ext-curl": "*",
                "ext-json": "*",
                "php": "^7.2"
            },
            "require-dev": {
                "phpunit/phpunit": "^8.0"
            },
            "type": "library",
            "autoload": {
                "psr-4": {
                    "Nuvola\\AwsLambdaFramework\\": "src/",
                    "Test\\Nuvola\\AwsLambdaFramework\\": "tests/"
                }
            },
            "notification-url": "https://packagist.org/downloads/",
            "authors": [
                {
                    "name": "Bartek Chmura",
                    "email": "bartek@nuvola.pl"
                }
            ],
            "description": "AWS Lambda PHP Framework",
            "time": "2019-02-28T21:55:31+00:00"
        }
    ],
    "packages-dev": [],
    "aliases": [],
    "minimum-stability": "dev",
    "stability-flags": {
        "nuvolapl/aws-lambda-php-framework": 20
    },
    "prefer-stable": false,
    "prefer-lowest": false,
    "platform": {
        "php": "^7.3",
        "ext-json": "*"
    },
    "platform-dev": []
}
